
Microsoft Visual Studio Solution File, Format Version 12.00
# Visual Studio Version 17
VisualStudioVersion = 17.11.35327.3
MinimumVisualStudioVersion = 10.0.40219.1
Project("{FAE04EC0-301F-11D3-BF4B-00C04F79EFBC}") = "GIF ANIMADO", "GIF ANIMADO.csproj", "{ED4E3BFD-1BB3-4841-8F0C-9F14341C25A6}"
EndProject
Global
	GlobalSection(SolutionConfigurationPlatforms) = preSolution
		Debug|Any CPU = Debug|Any CPU
		Release|Any CPU = Release|Any CPU
	EndGlobalSection
	GlobalSection(ProjectConfigurationPlatforms) = postSolution
		{ED4E3BFD-1BB3-4841-8F0C-9F14341C25A6}.Debug|Any CPU.ActiveCfg = Debug|Any CPU
		{ED4E3BFD-1BB3-4841-8F0C-9F14341C25A6}.Debug|Any CPU.Build.0 = Debug|Any CPU
		{ED4E3BFD-1BB3-4841-8F0C-9F14341C25A6}.Release|Any CPU.ActiveCfg = Release|Any CPU
		{ED4E3BFD-1BB3-4841-8F0C-9F14341C25A6}.Release|Any CPU.Build.0 = Release|Any CPU
	EndGlobalSection
	GlobalSection(SolutionProperties) = preSolution
		HideSolutionNode = FALSE
	EndGlobalSection
	GlobalSection(ExtensibilityGlobals) = postSolution
		SolutionGuid = {DD2B4002-6D34-42CA-A398-07B79D52B014}
	EndGlobalSection
EndGlobal
