
Microsoft Visual Studio Solution File, Format Version 12.00
# Visual Studio Version 17
VisualStudioVersion = 17.11.35327.3
MinimumVisualStudioVersion = 10.0.40219.1
Project("{FAE04EC0-301F-11D3-BF4B-00C04F79EFBC}") = "CELSIUS A FAH", "CELSIUS A FAH.csproj", "{5395FCB7-972A-410E-8DF0-BA791F76875C}"
EndProject
Global
	GlobalSection(SolutionConfigurationPlatforms) = preSolution
		Debug|Any CPU = Debug|Any CPU
		Release|Any CPU = Release|Any CPU
	EndGlobalSection
	GlobalSection(ProjectConfigurationPlatforms) = postSolution
		{5395FCB7-972A-410E-8DF0-BA791F76875C}.Debug|Any CPU.ActiveCfg = Debug|Any CPU
		{5395FCB7-972A-410E-8DF0-BA791F76875C}.Debug|Any CPU.Build.0 = Debug|Any CPU
		{5395FCB7-972A-410E-8DF0-BA791F76875C}.Release|Any CPU.ActiveCfg = Release|Any CPU
		{5395FCB7-972A-410E-8DF0-BA791F76875C}.Release|Any CPU.Build.0 = Release|Any CPU
	EndGlobalSection
	GlobalSection(SolutionProperties) = preSolution
		HideSolutionNode = FALSE
	EndGlobalSection
	GlobalSection(ExtensibilityGlobals) = postSolution
		SolutionGuid = {1B52E251-3689-45AA-A70A-FBE5DA35026A}
	EndGlobalSection
EndGlobal
